// !$*UTF8*$!
{
	archiveVersion = 1;
	classes = {
	};
	objectVersion = 52;
	objects = {

/* Begin PBXBuildFile section */
		02279755EDFD01F863B9DCC5 /* Pods_ArchSample2021.framework in Frameworks */ = {isa = PBXBuildFile; fileRef = BE937A62D30739106DEBFF2E /* Pods_ArchSample2021.framework */; };
		3B0CE35925F9F1DC0042D463 /* AppDelegate+Routing.swift in Sources */ = {isa = PBXBuildFile; fileRef = 3B0CE35825F9F1DC0042D463 /* AppDelegate+Routing.swift */; };
		3BBB040225F8DE23001C0931 /* AppDelegate.swift in Sources */ = {isa = PBXBuildFile; fileRef = 3BBB040125F8DE23001C0931 /* AppDelegate.swift */; };
		3BBB040B25F8DE24001C0931 /* Assets.xcassets in Resources */ = {isa = PBXBuildFile; fileRef = 3BBB040A25F8DE24001C0931 /* Assets.xcassets */; };
		3BBB040E25F8DE24001C0931 /* LaunchScreen.storyboard in Resources */ = {isa = PBXBuildFile; fileRef = 3BBB040C25F8DE24001C0931 /* LaunchScreen.storyboard */; };
/* End PBXBuildFile section */

/* Begin PBXFileReference section */
		383EC9F9061EB1390293A539 /* Pods-ArchSample2021.release.xcconfig */ = {isa = PBXFileReference; includeInIndex = 1; lastKnownFileType = text.xcconfig; name = "Pods-ArchSample2021.release.xcconfig"; path = "Target Support Files/Pods-ArchSample2021/Pods-ArchSample2021.release.xcconfig"; sourceTree = "<group>"; };
		3B0CE35825F9F1DC0042D463 /* AppDelegate+Routing.swift */ = {isa = PBXFileReference; lastKnownFileType = sourcecode.swift; path = "AppDelegate+Routing.swift"; sourceTree = "<group>"; };
		3B0CEB7325FA53BB0042D463 /* libc++.tbd */ = {isa = PBXFileReference; lastKnownFileType = "sourcecode.text-based-dylib-definition"; name = "libc++.tbd"; path = "usr/lib/libc++.tbd"; sourceTree = SDKROOT; };
		3B0CEB7725FA53D10042D463 /* libz.tbd */ = {isa = PBXFileReference; lastKnownFileType = "sourcecode.text-based-dylib-definition"; name = libz.tbd; path = usr/lib/libz.tbd; sourceTree = SDKROOT; };
		3B0CEB7A25FA53E40042D463 /* libsqlite3.tbd */ = {isa = PBXFileReference; lastKnownFileType = "sourcecode.text-based-dylib-definition"; name = libsqlite3.tbd; path = usr/lib/libsqlite3.tbd; sourceTree = SDKROOT; };
		3BBB03FE25F8DE23001C0931 /* ArchSample2021.app */ = {isa = PBXFileReference; explicitFileType = wrapper.application; includeInIndex = 0; path = ArchSample2021.app; sourceTree = BUILT_PRODUCTS_DIR; };
		3BBB040125F8DE23001C0931 /* AppDelegate.swift */ = {isa = PBXFileReference; lastKnownFileType = sourcecode.swift; path = AppDelegate.swift; sourceTree = "<group>"; };
		3BBB040A25F8DE24001C0931 /* Assets.xcassets */ = {isa = PBXFileReference; lastKnownFileType = folder.assetcatalog; path = Assets.xcassets; sourceTree = "<group>"; };
		3BBB040D25F8DE24001C0931 /* Base */ = {isa = PBXFileReference; lastKnownFileType = file.storyboard; name = Base; path = Base.lproj/LaunchScreen.storyboard; sourceTree = "<group>"; };
		3BBB040F25F8DE24001C0931 /* Info.plist */ = {isa = PBXFileReference; lastKnownFileType = text.plist.xml; path = Info.plist; sourceTree = "<group>"; };
		58E2F74FD8BBEC876743DBAD /* Pods-ArchSample2021.debug.xcconfig */ = {isa = PBXFileReference; includeInIndex = 1; lastKnownFileType = text.xcconfig; name = "Pods-ArchSample2021.debug.xcconfig"; path = "Target Support Files/Pods-ArchSample2021/Pods-ArchSample2021.debug.xcconfig"; sourceTree = "<group>"; };
		BE937A62D30739106DEBFF2E /* Pods_ArchSample2021.framework */ = {isa = PBXFileReference; explicitFileType = wrapper.framework; includeInIndex = 0; path = Pods_ArchSample2021.framework; sourceTree = BUILT_PRODUCTS_DIR; };
/* End PBXFileReference section */

/* Begin PBXFrameworksBuildPhase section */
		3BBB03FB25F8DE23001C0931 /* Frameworks */ = {
			isa = PBXFrameworksBuildPhase;
			buildActionMask = 2147483647;
			files = (
				02279755EDFD01F863B9DCC5 /* Pods_ArchSample2021.framework in Frameworks */,
			);
			runOnlyForDeploymentPostprocessing = 0;
		};
/* End PBXFrameworksBuildPhase section */

/* Begin PBXGroup section */
		3BBB03F525F8DE23001C0931 = {
			isa = PBXGroup;
			children = (
				3BBB040025F8DE23001C0931 /* ArchSample2021 */,
				3BBB03FF25F8DE23001C0931 /* Products */,
				C9B21997F6602A2A0AD25476 /* Pods */,
				615F121CFB43EF7585F452BC /* Frameworks */,
			);
			sourceTree = "<group>";
		};
		3BBB03FF25F8DE23001C0931 /* Products */ = {
			isa = PBXGroup;
			children = (
				3BBB03FE25F8DE23001C0931 /* ArchSample2021.app */,
			);
			name = Products;
			sourceTree = "<group>";
		};
		3BBB040025F8DE23001C0931 /* ArchSample2021 */ = {
			isa = PBXGroup;
			children = (
				3BBB041625F8DE33001C0931 /* AppDelegate */,
				3BBB044925F8EA0B001C0931 /* Resourses */,
				3BBB040F25F8DE24001C0931 /* Info.plist */,
			);
			path = ArchSample2021;
			sourceTree = "<group>";
		};
		3BBB041625F8DE33001C0931 /* AppDelegate */ = {
			isa = PBXGroup;
			children = (
				3BBB040125F8DE23001C0931 /* AppDelegate.swift */,
				3B0CE35825F9F1DC0042D463 /* AppDelegate+Routing.swift */,
			);
			name = AppDelegate;
			sourceTree = "<group>";
		};
		3BBB044925F8EA0B001C0931 /* Resourses */ = {
			isa = PBXGroup;
			children = (
				3BBB045425F8EB81001C0931 /* LauchScreen */,
				3BBB045525F8EB8A001C0931 /* Assets */,
			);
			path = Resourses;
			sourceTree = "<group>";
		};
		3BBB045425F8EB81001C0931 /* LauchScreen */ = {
			isa = PBXGroup;
			children = (
				3BBB040C25F8DE24001C0931 /* LaunchScreen.storyboard */,
			);
			path = LauchScreen;
			sourceTree = "<group>";
		};
		3BBB045525F8EB8A001C0931 /* Assets */ = {
			isa = PBXGroup;
			children = (
				3BBB040A25F8DE24001C0931 /* Assets.xcassets */,
			);
			path = Assets;
			sourceTree = "<group>";
		};
		615F121CFB43EF7585F452BC /* Frameworks */ = {
			isa = PBXGroup;
			children = (
				3B0CEB7A25FA53E40042D463 /* libsqlite3.tbd */,
				3B0CEB7725FA53D10042D463 /* libz.tbd */,
				3B0CEB7325FA53BB0042D463 /* libc++.tbd */,
				BE937A62D30739106DEBFF2E /* Pods_ArchSample2021.framework */,
			);
			name = Frameworks;
			sourceTree = "<group>";
		};
		C9B21997F6602A2A0AD25476 /* Pods */ = {
			isa = PBXGroup;
			children = (
				58E2F74FD8BBEC876743DBAD /* Pods-ArchSample2021.debug.xcconfig */,
				383EC9F9061EB1390293A539 /* Pods-ArchSample2021.release.xcconfig */,
			);
			path = Pods;
			sourceTree = "<group>";
		};
/* End PBXGroup section */

/* Begin PBXNativeTarget section */
		3BBB03FD25F8DE23001C0931 /* ArchSample2021 */ = {
			isa = PBXNativeTarget;
			buildConfigurationList = 3BBB041225F8DE24001C0931 /* Build configuration list for PBXNativeTarget "ArchSample2021" */;
			buildPhases = (
				6D8F2D29328170AAB73A6E93 /* [CP] Check Pods Manifest.lock */,
				3BBB03FA25F8DE23001C0931 /* Sources */,
				3BBB03FB25F8DE23001C0931 /* Frameworks */,
				3BBB03FC25F8DE23001C0931 /* Resources */,
				F86E50B67A5DD3C1440D34EE /* [CP] Embed Pods Frameworks */,
			);
			buildRules = (
			);
			dependencies = (
			);
			name = ArchSample2021;
			productName = "architecture-sample-2021";
			productReference = 3BBB03FE25F8DE23001C0931 /* ArchSample2021.app */;
			productType = "com.apple.product-type.application";
		};
/* End PBXNativeTarget section */

/* Begin PBXProject section */
		3BBB03F625F8DE23001C0931 /* Project object */ = {
			isa = PBXProject;
			attributes = {
				LastSwiftUpdateCheck = 1240;
				LastUpgradeCheck = 1240;
				TargetAttributes = {
					3BBB03FD25F8DE23001C0931 = {
						CreatedOnToolsVersion = 12.4;
					};
				};
			};
			buildConfigurationList = 3BBB03F925F8DE23001C0931 /* Build configuration list for PBXProject "ArchSample2021" */;
			compatibilityVersion = "Xcode 11.0";
			developmentRegion = en;
			hasScannedForEncodings = 0;
			knownRegions = (
				en,
				Base,
			);
			mainGroup = 3BBB03F525F8DE23001C0931;
			productRefGroup = 3BBB03FF25F8DE23001C0931 /* Products */;
			projectDirPath = "";
			projectRoot = "";
			targets = (
				3BBB03FD25F8DE23001C0931 /* ArchSample2021 */,
			);
		};
/* End PBXProject section */

/* Begin PBXResourcesBuildPhase section */
		3BBB03FC25F8DE23001C0931 /* Resources */ = {
			isa = PBXResourcesBuildPhase;
			buildActionMask = 2147483647;
			files = (
				3BBB040E25F8DE24001C0931 /* LaunchScreen.storyboard in Resources */,
				3BBB040B25F8DE24001C0931 /* Assets.xcassets in Resources */,
			);
			runOnlyForDeploymentPostprocessing = 0;
		};
/* End PBXResourcesBuildPhase section */

/* Begin PBXShellScriptBuildPhase section */
		6D8F2D29328170AAB73A6E93 /* [CP] Check Pods Manifest.lock */ = {
			isa = PBXShellScriptBuildPhase;
			buildActionMask = 2147483647;
			files = (
			);
			inputFileListPaths = (
			);
			inputPaths = (
				"${PODS_PODFILE_DIR_PATH}/Podfile.lock",
				"${PODS_ROOT}/Manifest.lock",
			);
			name = "[CP] Check Pods Manifest.lock";
			outputFileListPaths = (
			);
			outputPaths = (
				"$(DERIVED_FILE_DIR)/Pods-ArchSample2021-checkManifestLockResult.txt",
			);
			runOnlyForDeploymentPostprocessing = 0;
			shellPath = /bin/sh;
			shellScript = "diff \"${PODS_PODFILE_DIR_PATH}/Podfile.lock\" \"${PODS_ROOT}/Manifest.lock\" > /dev/null\nif [ $? != 0 ] ; then\n    # print error to STDERR\n    echo \"error: The sandbox is not in sync with the Podfile.lock. Run 'pod install' or update your CocoaPods installation.\" >&2\n    exit 1\nfi\n# This output is used by Xcode 'outputs' to avoid re-running this script phase.\necho \"SUCCESS\" > \"${SCRIPT_OUTPUT_FILE_0}\"\n";
			showEnvVarsInLog = 0;
		};
		F86E50B67A5DD3C1440D34EE /* [CP] Embed Pods Frameworks */ = {
			isa = PBXShellScriptBuildPhase;
			buildActionMask = 2147483647;
			files = (
			);
			inputFileListPaths = (
			);
			name = "[CP] Embed Pods Frameworks";
			outputFileListPaths = (
			);
			runOnlyForDeploymentPostprocessing = 0;
			shellPath = /bin/sh;
			shellScript = "\"${PODS_ROOT}/Target Support Files/Pods-ArchSample2021/Pods-ArchSample2021-frameworks.sh\"\n";
			showEnvVarsInLog = 0;
		};
/* End PBXShellScriptBuildPhase section */

/* Begin PBXSourcesBuildPhase section */
		3BBB03FA25F8DE23001C0931 /* Sources */ = {
			isa = PBXSourcesBuildPhase;
			buildActionMask = 2147483647;
			files = (
				3BBB040225F8DE23001C0931 /* AppDelegate.swift in Sources */,
				3B0CE35925F9F1DC0042D463 /* AppDelegate+Routing.swift in Sources */,
			);
			runOnlyForDeploymentPostprocessing = 0;
		};
/* End PBXSourcesBuildPhase section */

/* Begin PBXVariantGroup section */
		3BBB040C25F8DE24001C0931 /* LaunchScreen.storyboard */ = {
			isa = PBXVariantGroup;
			children = (
				3BBB040D25F8DE24001C0931 /* Base */,
			);
			name = LaunchScreen.storyboard;
			sourceTree = "<group>";
		};
/* End PBXVariantGroup section */

/* Begin XCBuildConfiguration section */
		3BBB041025F8DE24001C0931 /* Debug */ = {
			isa = XCBuildConfiguration;
			buildSettings = {
				ALWAYS_SEARCH_USER_PATHS = NO;
				CLANG_ANALYZER_NONNULL = YES;
				CLANG_ANALYZER_NUMBER_OBJECT_CONVERSION = YES_AGGRESSIVE;
				CLANG_CXX_LANGUAGE_STANDARD = "gnu++14";
				CLANG_CXX_LIBRARY = "libc++";
				CLANG_ENABLE_OBJC_ARC = YES;
				CLANG_ENABLE_OBJC_WEAK = YES;
				CLANG_WARN_BLOCK_CAPTURE_AUTORELEASING = YES;
				CLANG_WARN_BOOL_CONVERSION = YES;
				CLANG_WARN_COMMA = YES;
				CLANG_WARN_CONSTANT_CONVERSION = YES;
				CLANG_WARN_DEPRECATED_OBJC_IMPLEMENTATIONS = YES;
				CLANG_WARN_DIRECT_OBJC_ISA_USAGE = YES_ERROR;
				CLANG_WARN_DOCUMENTATION_COMMENTS = YES;
				CLANG_WARN_EMPTY_BODY = YES;
				CLANG_WARN_ENUM_CONVERSION = YES;
				CLANG_WARN_INFINITE_RECURSION = YES;
				CLANG_WARN_INT_CONVERSION = YES;
				CLANG_WARN_NON_LITERAL_NULL_CONVERSION = YES;
				CLANG_WARN_OBJC_IMPLICIT_RETAIN_SELF = YES;
				CLANG_WARN_OBJC_LITERAL_CONVERSION = YES;
				CLANG_WARN_OBJC_ROOT_CLASS = YES_ERROR;
				CLANG_WARN_QUOTED_INCLUDE_IN_FRAMEWORK_HEADER = YES;
				CLANG_WARN_RANGE_LOOP_ANALYSIS = YES;
				CLANG_WARN_STRICT_PROTOTYPES = YES;
				CLANG_WARN_SUSPICIOUS_MOVE = YES;
				CLANG_WARN_UNGUARDED_AVAILABILITY = YES_AGGRESSIVE;
				CLANG_WARN_UNREACHABLE_CODE = YES;
				CLANG_WARN__DUPLICATE_METHOD_MATCH = YES;
				COPY_PHASE_STRIP = NO;
				DEBUG_INFORMATION_FORMAT = dwarf;
				ENABLE_STRICT_OBJC_MSGSEND = YES;
				ENABLE_TESTABILITY = YES;
				GCC_DYNAMIC_NO_PIC = NO;
				GCC_NO_COMMON_BLOCKS = YES;
				GCC_OPTIMIZATION_LEVEL = 0;
				GCC_PREPROCESSOR_DEFINITIONS = (
					"DEBUG=1",
					"$(inherited)",
				);
				GCC_WARN_64_TO_32_BIT_CONVERSION = YES;
				GCC_WARN_ABOUT_RETURN_TYPE = YES_ERROR;
				GCC_WARN_UNDECLARED_SELECTOR = YES;
				GCC_WARN_UNINITIALIZED_AUTOS = YES_AGGRESSIVE;
				GCC_WARN_UNUSED_FUNCTION = YES;
				GCC_WARN_UNUSED_VARIABLE = YES;
				IPHONEOS_DEPLOYMENT_TARGET = 11.0;
				MTL_ENABLE_DEBUG_INFO = INCLUDE_SOURCE;
				MTL_FAST_MATH = YES;
				ONLY_ACTIVE_ARCH = YES;
				SDKROOT = iphoneos;
				SWIFT_ACTIVE_COMPILATION_CONDITIONS = DEBUG;
				SWIFT_COMPILATION_MODE = singlefile;
				SWIFT_OPTIMIZATION_LEVEL = "-Onone";
			};
			name = Debug;
		};
		3BBB041125F8DE24001C0931 /* Release */ = {
			isa = XCBuildConfiguration;
			buildSettings = {
				ALWAYS_SEARCH_USER_PATHS = NO;
				CLANG_ANALYZER_NONNULL = YES;
				CLANG_ANALYZER_NUMBER_OBJECT_CONVERSION = YES_AGGRESSIVE;
				CLANG_CXX_LANGUAGE_STANDARD = "gnu++14";
				CLANG_CXX_LIBRARY = "libc++";
				CLANG_ENABLE_OBJC_ARC = YES;
				CLANG_ENABLE_OBJC_WEAK = YES;
				CLANG_WARN_BLOCK_CAPTURE_AUTORELEASING = YES;
				CLANG_WARN_BOOL_CONVERSION = YES;
				CLANG_WARN_COMMA = YES;
				CLANG_WARN_CONSTANT_CONVERSION = YES;
				CLANG_WARN_DEPRECATED_OBJC_IMPLEMENTATIONS = YES;
				CLANG_WARN_DIRECT_OBJC_ISA_USAGE = YES_ERROR;
				CLANG_WARN_DOCUMENTATION_COMMENTS = YES;
				CLANG_WARN_EMPTY_BODY = YES;
				CLANG_WARN_ENUM_CONVERSION = YES;
				CLANG_WARN_INFINITE_RECURSION = YES;
				CLANG_WARN_INT_CONVERSION = YES;
				CLANG_WARN_NON_LITERAL_NULL_CONVERSION = YES;
				CLANG_WARN_OBJC_IMPLICIT_RETAIN_SELF = YES;
				CLANG_WARN_OBJC_LITERAL_CONVERSION = YES;
				CLANG_WARN_OBJC_ROOT_CLASS = YES_ERROR;
				CLANG_WARN_QUOTED_INCLUDE_IN_FRAMEWORK_HEADER = YES;
				CLANG_WARN_RANGE_LOOP_ANALYSIS = YES;
				CLANG_WARN_STRICT_PROTOTYPES = YES;
				CLANG_WARN_SUSPICIOUS_MOVE = YES;
				CLANG_WARN_UNGUARDED_AVAILABILITY = YES_AGGRESSIVE;
				CLANG_WARN_UNREACHABLE_CODE = YES;
				CLANG_WARN__DUPLICATE_METHOD_MATCH = YES;
				COPY_PHASE_STRIP = NO;
				DEBUG_INFORMATION_FORMAT = "dwarf-with-dsym";
				ENABLE_NS_ASSERTIONS = NO;
				ENABLE_STRICT_OBJC_MSGSEND = YES;
				GCC_NO_COMMON_BLOCKS = YES;
				GCC_WARN_64_TO_32_BIT_CONVERSION = YES;
				GCC_WARN_ABOUT_RETURN_TYPE = YES_ERROR;
				GCC_WARN_UNDECLARED_SELECTOR = YES;
				GCC_WARN_UNINITIALIZED_AUTOS = YES_AGGRESSIVE;
				GCC_WARN_UNUSED_FUNCTION = YES;
				GCC_WARN_UNUSED_VARIABLE = YES;
				IPHONEOS_DEPLOYMENT_TARGET = 11.0;
				MTL_ENABLE_DEBUG_INFO = NO;
				MTL_FAST_MATH = YES;
				SDKROOT = iphoneos;
				SWIFT_COMPILATION_MODE = wholemodule;
				SWIFT_OPTIMIZATION_LEVEL = "-O";
				VALIDATE_PRODUCT = YES;
			};
			name = Release;
		};
		3BBB041325F8DE24001C0931 /* Debug */ = {
			isa = XCBuildConfiguration;
			baseConfigurationReference = 58E2F74FD8BBEC876743DBAD /* Pods-ArchSample2021.debug.xcconfig */;
			buildSettings = {
				ASSETCATALOG_COMPILER_APPICON_NAME = AppIcon;
				ASSETCATALOG_COMPILER_GLOBAL_ACCENT_COLOR_NAME = AccentColor;
				CODE_SIGN_IDENTITY = "Apple Development";
				CODE_SIGN_STYLE = Manual;
				DEVELOPMENT_TEAM = "";
				INFOPLIST_FILE = "$(SRCROOT)/ArchSample2021/Info.plist";
				IPHONEOS_DEPLOYMENT_TARGET = 11.0;
				LD_RUNPATH_SEARCH_PATHS = (
					"$(inherited)",
					"@executable_path/Frameworks",
				);
				PRODUCT_BUNDLE_IDENTIFIER = com.tdg.ArchSample2021;
				PRODUCT_NAME = "$(TARGET_NAME)";
				PROVISIONING_PROFILE_SPECIFIER = "";
				SWIFT_VERSION = 5.0;
				TARGETED_DEVICE_FAMILY = 1;
			};
			name = Debug;
		};
		3BBB041425F8DE24001C0931 /* Release */ = {
			isa = XCBuildConfiguration;
			baseConfigurationReference = 383EC9F9061EB1390293A539 /* Pods-ArchSample2021.release.xcconfig */;
			buildSettings = {
				ASSETCATALOG_COMPILER_APPICON_NAME = AppIcon;
				ASSETCATALOG_COMPILER_GLOBAL_ACCENT_COLOR_NAME = AccentColor;
				CODE_SIGN_IDENTITY = "Apple Development";
				CODE_SIGN_STYLE = Manual;
				DEVELOPMENT_TEAM = "";
				INFOPLIST_FILE = "$(SRCROOT)/ArchSample2021/Info.plist";
				IPHONEOS_DEPLOYMENT_TARGET = 11.0;
				LD_RUNPATH_SEARCH_PATHS = (
					"$(inherited)",
					"@executable_path/Frameworks",
				);
				PRODUCT_BUNDLE_IDENTIFIER = com.tdg.ArchSample2021;
				PRODUCT_NAME = "$(TARGET_NAME)";
				PROVISIONING_PROFILE_SPECIFIER = "";
				SWIFT_VERSION = 5.0;
				TARGETED_DEVICE_FAMILY = 1;
			};
			name = Release;
		};
/* End XCBuildConfiguration section */

/* Begin XCConfigurationList section */
		3BBB03F925F8DE23001C0931 /* Build configuration list for PBXProject "ArchSample2021" */ = {
			isa = XCConfigurationList;
			buildConfigurations = (
				3BBB041025F8DE24001C0931 /* Debug */,
				3BBB041125F8DE24001C0931 /* Release */,
			);
			defaultConfigurationIsVisible = 0;
			defaultConfigurationName = Release;
		};
		3BBB041225F8DE24001C0931 /* Build configuration list for PBXNativeTarget "ArchSample2021" */ = {
			isa = XCConfigurationList;
			buildConfigurations = (
				3BBB041325F8DE24001C0931 /* Debug */,
				3BBB041425F8DE24001C0931 /* Release */,
			);
			defaultConfigurationIsVisible = 0;
			defaultConfigurationName = Release;
		};
/* End XCConfigurationList section */
	};
	rootObject = 3BBB03F625F8DE23001C0931 /* Project object */;
}
